// !$*UTF8*$!
{
	archiveVersion = 1;
	classes = {
	};
	objectVersion = 46;
	objects = {

/* Begin PBXBuildFile section */
		E004A1111B65C8D100D66627 /* LocationManager.swift in Sources */ = {isa = PBXBuildFile; fileRef = E004A1101B65C8D100D66627 /* LocationManager.swift */; };
		E01A80471B61F78800A87D70 /* AppDelegate.swift in Sources */ = {isa = PBXBuildFile; fileRef = E01A80461B61F78800A87D70 /* AppDelegate.swift */; };
		E01A80491B61F78800A87D70 /* ViewController.swift in Sources */ = {isa = PBXBuildFile; fileRef = E01A80481B61F78800A87D70 /* ViewController.swift */; };
		E01A804C1B61F78800A87D70 /* Main.storyboard in Resources */ = {isa = PBXBuildFile; fileRef = E01A804A1B61F78800A87D70 /* Main.storyboard */; };
		E01A804E1B61F78800A87D70 /* Images.xcassets in Resources */ = {isa = PBXBuildFile; fileRef = E01A804D1B61F78800A87D70 /* Images.xcassets */; };
		E01A80511B61F78800A87D70 /* LaunchScreen.xib in Resources */ = {isa = PBXBuildFile; fileRef = E01A804F1B61F78800A87D70 /* LaunchScreen.xib */; };
		E01A805D1B61F78800A87D70 /* LoocatmenowTests.swift in Sources */ = {isa = PBXBuildFile; fileRef = E01A805C1B61F78800A87D70 /* LoocatmenowTests.swift */; };
		E0375D621B62F6B00092D47A /* MapKit.framework in Frameworks */ = {isa = PBXBuildFile; fileRef = E0375D611B62F6B00092D47A /* MapKit.framework */; };
/* End PBXBuildFile section */

/* Begin PBXContainerItemProxy section */
		E01A80571B61F78800A87D70 /* PBXContainerItemProxy */ = {
			isa = PBXContainerItemProxy;
			containerPortal = E01A80391B61F78800A87D70 /* Project object */;
			proxyType = 1;
			remoteGlobalIDString = E01A80401B61F78800A87D70;
			remoteInfo = Loocatmenow;
		};
/* End PBXContainerItemProxy section */

/* Begin PBXFileReference section */
		E004A1101B65C8D100D66627 /* LocationManager.swift */ = {isa = PBXFileReference; fileEncoding = 4; lastKnownFileType = sourcecode.swift; path = LocationManager.swift; sourceTree = "<group>"; };
		E01A80411B61F78800A87D70 /* Loocatmenow.app */ = {isa = PBXFileReference; explicitFileType = wrapper.application; includeInIndex = 0; path = Loocatmenow.app; sourceTree = BUILT_PRODUCTS_DIR; };
		E01A80451B61F78800A87D70 /* Info.plist */ = {isa = PBXFileReference; lastKnownFileType = text.plist.xml; path = Info.plist; sourceTree = "<group>"; };
		E01A80461B61F78800A87D70 /* AppDelegate.swift */ = {isa = PBXFileReference; lastKnownFileType = sourcecode.swift; path = AppDelegate.swift; sourceTree = "<group>"; };
		E01A80481B61F78800A87D70 /* ViewController.swift */ = {isa = PBXFileReference; lastKnownFileType = sourcecode.swift; path = ViewController.swift; sourceTree = "<group>"; };
		E01A804B1B61F78800A87D70 /* Base */ = {isa = PBXFileReference; lastKnownFileType = file.storyboard; name = Base; path = Base.lproj/Main.storyboard; sourceTree = "<group>"; };
		E01A804D1B61F78800A87D70 /* Images.xcassets */ = {isa = PBXFileReference; lastKnownFileType = folder.assetcatalog; path = Images.xcassets; sourceTree = "<group>"; };
		E01A80501B61F78800A87D70 /* Base */ = {isa = PBXFileReference; lastKnownFileType = file.xib; name = Base; path = Base.lproj/LaunchScreen.xib; sourceTree = "<group>"; };
		E01A80561B61F78800A87D70 /* LoocatmenowTests.xctest */ = {isa = PBXFileReference; explicitFileType = wrapper.cfbundle; includeInIndex = 0; path = LoocatmenowTests.xctest; sourceTree = BUILT_PRODUCTS_DIR; };
		E01A805B1B61F78800A87D70 /* Info.plist */ = {isa = PBXFileReference; lastKnownFileType = text.plist.xml; path = Info.plist; sourceTree = "<group>"; };
		E01A805C1B61F78800A87D70 /* LoocatmenowTests.swift */ = {isa = PBXFileReference; lastKnownFileType = sourcecode.swift; path = LoocatmenowTests.swift; sourceTree = "<group>"; };
		E0375D611B62F6B00092D47A /* MapKit.framework */ = {isa = PBXFileReference; lastKnownFileType = wrapper.framework; name = MapKit.framework; path = System/Library/Frameworks/MapKit.framework; sourceTree = SDKROOT; };
/* End PBXFileReference section */

/* Begin PBXFrameworksBuildPhase section */
		E01A803E1B61F78800A87D70 /* Frameworks */ = {
			isa = PBXFrameworksBuildPhase;
			buildActionMask = 2147483647;
			files = (
				E0375D621B62F6B00092D47A /* MapKit.framework in Frameworks */,
			);
			runOnlyForDeploymentPostprocessing = 0;
		};
		E01A80531B61F78800A87D70 /* Frameworks */ = {
			isa = PBXFrameworksBuildPhase;
			buildActionMask = 2147483647;
			files = (
			);
			runOnlyForDeploymentPostprocessing = 0;
		};
/* End PBXFrameworksBuildPhase section */

/* Begin PBXGroup section */
		E01A80381B61F78800A87D70 = {
			isa = PBXGroup;
			children = (
				E0375D611B62F6B00092D47A /* MapKit.framework */,
				E01A80431B61F78800A87D70 /* Loocatmenow */,
				E01A80591B61F78800A87D70 /* LoocatmenowTests */,
				E01A80421B61F78800A87D70 /* Products */,
			);
			sourceTree = "<group>";
		};
		E01A80421B61F78800A87D70 /* Products */ = {
			isa = PBXGroup;
			children = (
				E01A80411B61F78800A87D70 /* Loocatmenow.app */,
				E01A80561B61F78800A87D70 /* LoocatmenowTests.xctest */,
			);
			name = Products;
			sourceTree = "<group>";
		};
		E01A80431B61F78800A87D70 /* Loocatmenow */ = {
			isa = PBXGroup;
			children = (
				E01A80461B61F78800A87D70 /* AppDelegate.swift */,
				E004A1101B65C8D100D66627 /* LocationManager.swift */,
				E01A80481B61F78800A87D70 /* ViewController.swift */,
				E01A804A1B61F78800A87D70 /* Main.storyboard */,
				E01A804D1B61F78800A87D70 /* Images.xcassets */,
				E01A804F1B61F78800A87D70 /* LaunchScreen.xib */,
				E01A80441B61F78800A87D70 /* Supporting Files */,
			);
			path = Loocatmenow;
			sourceTree = "<group>";
		};
		E01A80441B61F78800A87D70 /* Supporting Files */ = {
			isa = PBXGroup;
			children = (
				E01A80451B61F78800A87D70 /* Info.plist */,
			);
			name = "Supporting Files";
			sourceTree = "<group>";
		};
		E01A80591B61F78800A87D70 /* LoocatmenowTests */ = {
			isa = PBXGroup;
			children = (
				E01A805C1B61F78800A87D70 /* LoocatmenowTests.swift */,
				E01A805A1B61F78800A87D70 /* Supporting Files */,
			);
			path = LoocatmenowTests;
			sourceTree = "<group>";
		};
		E01A805A1B61F78800A87D70 /* Supporting Files */ = {
			isa = PBXGroup;
			children = (
				E01A805B1B61F78800A87D70 /* Info.plist */,
			);
			name = "Supporting Files";
			sourceTree = "<group>";
		};
/* End PBXGroup section */

/* Begin PBXNativeTarget section */
		E01A80401B61F78800A87D70 /* Loocatmenow */ = {
			isa = PBXNativeTarget;
			buildConfigurationList = E01A80601B61F78800A87D70 /* Build configuration list for PBXNativeTarget "Loocatmenow" */;
			buildPhases = (
				E01A803D1B61F78800A87D70 /* Sources */,
				E01A803E1B61F78800A87D70 /* Frameworks */,
				E01A803F1B61F78800A87D70 /* Resources */,
			);
			buildRules = (
			);
			dependencies = (
			);
			name = Loocatmenow;
			productName = Loocatmenow;
			productReference = E01A80411B61F78800A87D70 /* Loocatmenow.app */;
			productType = "com.apple.product-type.application";
		};
		E01A80551B61F78800A87D70 /* LoocatmenowTests */ = {
			isa = PBXNativeTarget;
			buildConfigurationList = E01A80631B61F78800A87D70 /* Build configuration list for PBXNativeTarget "LoocatmenowTests" */;
			buildPhases = (
				E01A80521B61F78800A87D70 /* Sources */,
				E01A80531B61F78800A87D70 /* Frameworks */,
				E01A80541B61F78800A87D70 /* Resources */,
			);
			buildRules = (
			);
			dependencies = (
				E01A80581B61F78800A87D70 /* PBXTargetDependency */,
			);
			name = LoocatmenowTests;
			productName = LoocatmenowTests;
			productReference = E01A80561B61F78800A87D70 /* LoocatmenowTests.xctest */;
			productType = "com.apple.product-type.bundle.unit-test";
		};
/* End PBXNativeTarget section */

/* Begin PBXProject section */
		E01A80391B61F78800A87D70 /* Project object */ = {
			isa = PBXProject;
			attributes = {
				LastUpgradeCheck = 0640;
				ORGANIZATIONNAME = "Avery Bentz";
				TargetAttributes = {
					E01A80401B61F78800A87D70 = {
						CreatedOnToolsVersion = 6.4;
						DevelopmentTeam = 8W8A8DU2NM;
					};
					E01A80551B61F78800A87D70 = {
						CreatedOnToolsVersion = 6.4;
						TestTargetID = E01A80401B61F78800A87D70;
					};
				};
			};
			buildConfigurationList = E01A803C1B61F78800A87D70 /* Build configuration list for PBXProject "Loocatmenow" */;
			compatibilityVersion = "Xcode 3.2";
			developmentRegion = English;
			hasScannedForEncodings = 0;
			knownRegions = (
				en,
				Base,
			);
			mainGroup = E01A80381B61F78800A87D70;
			productRefGroup = E01A80421B61F78800A87D70 /* Products */;
			projectDirPath = "";
			projectRoot = "";
			targets = (
				E01A80401B61F78800A87D70 /* Loocatmenow */,
				E01A80551B61F78800A87D70 /* LoocatmenowTests */,
			);
		};
/* End PBXProject section */

/* Begin PBXResourcesBuildPhase section */
		E01A803F1B61F78800A87D70 /* Resources */ = {
			isa = PBXResourcesBuildPhase;
			buildActionMask = 2147483647;
			files = (
				E01A804C1B61F78800A87D70 /* Main.storyboard in Resources */,
				E01A80511B61F78800A87D70 /* LaunchScreen.xib in Resources */,
				E01A804E1B61F78800A87D70 /* Images.xcassets in Resources */,
			);
			runOnlyForDeploymentPostprocessing = 0;
		};
		E01A80541B61F78800A87D70 /* Resources */ = {
			isa = PBXResourcesBuildPhase;
			buildActionMask = 2147483647;
			files = (
			);
			runOnlyForDeploymentPostprocessing = 0;
		};
/* End PBXResourcesBuildPhase section */

/* Begin PBXSourcesBuildPhase section */
		E01A803D1B61F78800A87D70 /* Sources */ = {
			isa = PBXSourcesBuildPhase;
			buildActionMask = 2147483647;
			files = (
				E01A80491B61F78800A87D70 /* ViewController.swift in Sources */,
				E01A80471B61F78800A87D70 /* AppDelegate.swift in Sources */,
				E004A1111B65C8D100D66627 /* LocationManager.swift in Sources */,
			);
			runOnlyForDeploymentPostprocessing = 0;
		};
		E01A80521B61F78800A87D70 /* Sources */ = {
			isa = PBXSourcesBuildPhase;
			buildActionMask = 2147483647;
			files = (
				E01A805D1B61F78800A87D70 /* LoocatmenowTests.swift in Sources */,
			);
			runOnlyForDeploymentPostprocessing = 0;
		};
/* End PBXSourcesBuildPhase section */

/* Begin PBXTargetDependency section */
		E01A80581B61F78800A87D70 /* PBXTargetDependency */ = {
			isa = PBXTargetDependency;
			target = E01A80401B61F78800A87D70 /* Loocatmenow */;
			targetProxy = E01A80571B61F78800A87D70 /* PBXContainerItemProxy */;
		};
/* End PBXTargetDependency section */

/* Begin PBXVariantGroup section */
		E01A804A1B61F78800A87D70 /* Main.storyboard */ = {
			isa = PBXVariantGroup;
			children = (
				E01A804B1B61F78800A87D70 /* Base */,
			);
			name = Main.storyboard;
			sourceTree = "<group>";
		};
		E01A804F1B61F78800A87D70 /* LaunchScreen.xib */ = {
			isa = PBXVariantGroup;
			children = (
				E01A80501B61F78800A87D70 /* Base */,
			);
			name = LaunchScreen.xib;
			sourceTree = "<group>";
		};
/* End PBXVariantGroup section */

/* Begin XCBuildConfiguration section */
		E01A805E1B61F78800A87D70 /* Debug */ = {
			isa = XCBuildConfiguration;
			buildSettings = {
				ALWAYS_SEARCH_USER_PATHS = NO;
				CLANG_CXX_LANGUAGE_STANDARD = "gnu++0x";
				CLANG_CXX_LIBRARY = "libc++";
				CLANG_ENABLE_MODULES = YES;
				CLANG_ENABLE_OBJC_ARC = YES;
				CLANG_WARN_BOOL_CONVERSION = YES;
				CLANG_WARN_CONSTANT_CONVERSION = YES;
				CLANG_WARN_DIRECT_OBJC_ISA_USAGE = YES_ERROR;
				CLANG_WARN_EMPTY_BODY = YES;
				CLANG_WARN_ENUM_CONVERSION = YES;
				CLANG_WARN_INT_CONVERSION = YES;
				CLANG_WARN_OBJC_ROOT_CLASS = YES_ERROR;
				CLANG_WARN_UNREACHABLE_CODE = YES;
				CLANG_WARN__DUPLICATE_METHOD_MATCH = YES;
				"CODE_SIGN_IDENTITY[sdk=iphoneos*]" = "iPhone Developer";
				COPY_PHASE_STRIP = NO;
				DEBUG_INFORMATION_FORMAT = "dwarf-with-dsym";
				ENABLE_STRICT_OBJC_MSGSEND = YES;
				GCC_C_LANGUAGE_STANDARD = gnu99;
				GCC_DYNAMIC_NO_PIC = NO;
				GCC_NO_COMMON_BLOCKS = YES;
				GCC_OPTIMIZATION_LEVEL = 0;
				GCC_PREPROCESSOR_DEFINITIONS = (
					"DEBUG=1",
					"$(inherited)",
				);
				GCC_SYMBOLS_PRIVATE_EXTERN = NO;
				GCC_WARN_64_TO_32_BIT_CONVERSION = YES;
				GCC_WARN_ABOUT_RETURN_TYPE = YES_ERROR;
				GCC_WARN_UNDECLARED_SELECTOR = YES;
				GCC_WARN_UNINITIALIZED_AUTOS = YES_AGGRESSIVE;
				GCC_WARN_UNUSED_FUNCTION = YES;
				GCC_WARN_UNUSED_VARIABLE = YES;
				IPHONEOS_DEPLOYMENT_TARGET = 8.4;
				MTL_ENABLE_DEBUG_INFO = YES;
				ONLY_ACTIVE_ARCH = YES;
				SDKROOT = iphoneos;
				SWIFT_OPTIMIZATION_LEVEL = "-Onone";
				TARGETED_DEVICE_FAMILY = "1,2";
			};
			name = Debug;
		};
		E01A805F1B61F78800A87D70 /* Release */ = {
			isa = XCBuildConfiguration;
			buildSettings = {
				ALWAYS_SEARCH_USER_PATHS = NO;
				CLANG_CXX_LANGUAGE_STANDARD = "gnu++0x";
				CLANG_CXX_LIBRARY = "libc++";
				CLANG_ENABLE_MODULES = YES;
				CLANG_ENABLE_OBJC_ARC = YES;
				CLANG_WARN_BOOL_CONVERSION = YES;
				CLANG_WARN_CONSTANT_CONVERSION = YES;
				CLANG_WARN_DIRECT_OBJC_ISA_USAGE = YES_ERROR;
				CLANG_WARN_EMPTY_BODY = YES;
				CLANG_WARN_ENUM_CONVERSION = YES;
				CLANG_WARN_INT_CONVERSION = YES;
				CLANG_WARN_OBJC_ROOT_CLASS = YES_ERROR;
				CLANG_WARN_UNREACHABLE_CODE = YES;
				CLANG_WARN__DUPLICATE_METHOD_MATCH = YES;
				"CODE_SIGN_IDENTITY[sdk=iphoneos*]" = "iPhone Developer";
				COPY_PHASE_STRIP = NO;
				DEBUG_INFORMATION_FORMAT = "dwarf-with-dsym";
				ENABLE_NS_ASSERTIONS = NO;
				ENABLE_STRICT_OBJC_MSGSEND = YES;
				GCC_C_LANGUAGE_STANDARD = gnu99;
				GCC_NO_COMMON_BLOCKS = YES;
				GCC_WARN_64_TO_32_BIT_CONVERSION = YES;
				GCC_WARN_ABOUT_RETURN_TYPE = YES_ERROR;
				GCC_WARN_UNDECLARED_SELECTOR = YES;
				GCC_WARN_UNINITIALIZED_AUTOS = YES_AGGRESSIVE;
				GCC_WARN_UNUSED_FUNCTION = YES;
				GCC_WARN_UNUSED_VARIABLE = YES;
				IPHONEOS_DEPLOYMENT_TARGET = 8.4;
				MTL_ENABLE_DEBUG_INFO = NO;
				SDKROOT = iphoneos;
				TARGETED_DEVICE_FAMILY = "1,2";
				VALIDATE_PRODUCT = YES;
			};
			name = Release;
		};
		E01A80611B61F78800A87D70 /* Debug */ = {
			isa = XCBuildConfiguration;
			buildSettings = {
				ASSETCATALOG_COMPILER_APPICON_NAME = AppIcon;
				CODE_SIGN_IDENTITY = "iPhone Developer";
				"CODE_SIGN_IDENTITY[sdk=iphoneos*]" = "iPhone Developer";
				INFOPLIST_FILE = Loocatmenow/Info.plist;
				LD_RUNPATH_SEARCH_PATHS = "$(inherited) @executable_path/Frameworks";
				PRODUCT_NAME = "$(TARGET_NAME)";
				PROVISIONING_PROFILE = "";
			};
			name = Debug;
		};
		E01A80621B61F78800A87D70 /* Release */ = {
			isa = XCBuildConfiguration;
			buildSettings = {
				ASSETCATALOG_COMPILER_APPICON_NAME = AppIcon;
				CODE_SIGN_IDENTITY = "iPhone Developer";
				"CODE_SIGN_IDENTITY[sdk=iphoneos*]" = "iPhone Developer";
				INFOPLIST_FILE = Loocatmenow/Info.plist;
				LD_RUNPATH_SEARCH_PATHS = "$(inherited) @executable_path/Frameworks";
				PRODUCT_NAME = "$(TARGET_NAME)";
				PROVISIONING_PROFILE = "";
			};
			name = Release;
		};
		E01A80641B61F78800A87D70 /* Debug */ = {
			isa = XCBuildConfiguration;
			buildSettings = {
				BUNDLE_LOADER = "$(TEST_HOST)";
				FRAMEWORK_SEARCH_PATHS = (
					"$(SDKROOT)/Developer/Library/Frameworks",
					"$(inherited)",
				);
				GCC_PREPROCESSOR_DEFINITIONS = (
					"DEBUG=1",
					"$(inherited)",
				);
				INFOPLIST_FILE = LoocatmenowTests/Info.plist;
				LD_RUNPATH_SEARCH_PATHS = "$(inherited) @executable_path/Frameworks @loader_path/Frameworks";
				PRODUCT_NAME = "$(TARGET_NAME)";
				TEST_HOST = "$(BUILT_PRODUCTS_DIR)/Loocatmenow.app/Loocatmenow";
			};
			name = Debug;
		};
		E01A80651B61F78800A87D70 /* Release */ = {
			isa = XCBuildConfiguration;
			buildSettings = {
				BUNDLE_LOADER = "$(TEST_HOST)";
				FRAMEWORK_SEARCH_PATHS = (
					"$(SDKROOT)/Developer/Library/Frameworks",
					"$(inherited)",
				);
				INFOPLIST_FILE = LoocatmenowTests/Info.plist;
				LD_RUNPATH_SEARCH_PATHS = "$(inherited) @executable_path/Frameworks @loader_path/Frameworks";
				PRODUCT_NAME = "$(TARGET_NAME)";
				TEST_HOST = "$(BUILT_PRODUCTS_DIR)/Loocatmenow.app/Loocatmenow";
			};
			name = Release;
		};
/* End XCBuildConfiguration section */

/* Begin XCConfigurationList section */
		E01A803C1B61F78800A87D70 /* Build configuration list for PBXProject "Loocatmenow" */ = {
			isa = XCConfigurationList;
			buildConfigurations = (
				E01A805E1B61F78800A87D70 /* Debug */,
				E01A805F1B61F78800A87D70 /* Release */,
			);
			defaultConfigurationIsVisible = 0;
			defaultConfigurationName = Release;
		};
		E01A80601B61F78800A87D70 /* Build configuration list for PBXNativeTarget "Loocatmenow" */ = {
			isa = XCConfigurationList;
			buildConfigurations = (
				E01A80611B61F78800A87D70 /* Debug */,
				E01A80621B61F78800A87D70 /* Release */,
			);
			defaultConfigurationIsVisible = 0;
			defaultConfigurationName = Release;
		};
		E01A80631B61F78800A87D70 /* Build configuration list for PBXNativeTarget "LoocatmenowTests" */ = {
			isa = XCConfigurationList;
			buildConfigurations = (
				E01A80641B61F78800A87D70 /* Debug */,
				E01A80651B61F78800A87D70 /* Release */,
			);
			defaultConfigurationIsVisible = 0;
			defaultConfigurationName = Release;
		};
/* End XCConfigurationList section */
	};
	rootObject = E01A80391B61F78800A87D70 /* Project object */;
}
